
Microsoft Visual Studio Solution File, Format Version 12.00
# Visual Studio Version 16
VisualStudioVersion = 16.0.30413.136
MinimumVisualStudioVersion = 10.0.40219.1
Project("{9A19103F-16F7-4668-BE54-9A1E7A4F7556}") = "LibraryWebApp", "LibraryWebApp\LibraryWebApp.csproj", "{ED00A8C8-135B-45B9-91D0-808FA9E5BE32}"
EndProject
Global
	GlobalSection(SolutionConfigurationPlatforms) = preSolution
		Debug|Any CPU = Debug|Any CPU
		Release|Any CPU = Release|Any CPU
	EndGlobalSection
	GlobalSection(ProjectConfigurationPlatforms) = postSolution
		{ED00A8C8-135B-45B9-91D0-808FA9E5BE32}.Debug|Any CPU.ActiveCfg = Debug|Any CPU
		{ED00A8C8-135B-45B9-91D0-808FA9E5BE32}.Debug|Any CPU.Build.0 = Debug|Any CPU
		{ED00A8C8-135B-45B9-91D0-808FA9E5BE32}.Release|Any CPU.ActiveCfg = Release|Any CPU
		{ED00A8C8-135B-45B9-91D0-808FA9E5BE32}.Release|Any CPU.Build.0 = Release|Any CPU
	EndGlobalSection
	GlobalSection(SolutionProperties) = preSolution
		HideSolutionNode = FALSE
	EndGlobalSection
	GlobalSection(ExtensibilityGlobals) = postSolution
		SolutionGuid = {901D5110-50B2-42D8-B15E-71874140D432}
	EndGlobalSection
EndGlobal
